
Microsoft Visual Studio Solution File, Format Version 12.00
# Visual Studio Version 16
VisualStudioVersion = 16.0.32510.428
MinimumVisualStudioVersion = 10.0.40219.1
Project("{FAE04EC0-301F-11D3-BF4B-00C04F79EFBC}") = "CapaPresentacion", "CapaPresentacion\CapaPresentacion.csproj", "{E3D48ABE-97DB-4015-9161-033A0DD6664D}"
EndProject
Project("{FAE04EC0-301F-11D3-BF4B-00C04F79EFBC}") = "CapaDatos", "CapaDatos\CapaDatos.csproj", "{FA11AA3D-F50D-435D-834D-E92B35A3BCB6}"
EndProject
Project("{FAE04EC0-301F-11D3-BF4B-00C04F79EFBC}") = "CapaNegocios", "CapaNegocios\CapaNegocios.csproj", "{4EAB2724-153C-459A-9FA9-F72FD2776419}"
EndProject
Global
	GlobalSection(SolutionConfigurationPlatforms) = preSolution
		Debug|Any CPU = Debug|Any CPU
		Release|Any CPU = Release|Any CPU
	EndGlobalSection
	GlobalSection(ProjectConfigurationPlatforms) = postSolution
		{E3D48ABE-97DB-4015-9161-033A0DD6664D}.Debug|Any CPU.ActiveCfg = Debug|Any CPU
		{E3D48ABE-97DB-4015-9161-033A0DD6664D}.Debug|Any CPU.Build.0 = Debug|Any CPU
		{E3D48ABE-97DB-4015-9161-033A0DD6664D}.Release|Any CPU.ActiveCfg = Release|Any CPU
		{E3D48ABE-97DB-4015-9161-033A0DD6664D}.Release|Any CPU.Build.0 = Release|Any CPU
		{FA11AA3D-F50D-435D-834D-E92B35A3BCB6}.Debug|Any CPU.ActiveCfg = Debug|Any CPU
		{FA11AA3D-F50D-435D-834D-E92B35A3BCB6}.Debug|Any CPU.Build.0 = Debug|Any CPU
		{FA11AA3D-F50D-435D-834D-E92B35A3BCB6}.Release|Any CPU.ActiveCfg = Release|Any CPU
		{FA11AA3D-F50D-435D-834D-E92B35A3BCB6}.Release|Any CPU.Build.0 = Release|Any CPU
		{4EAB2724-153C-459A-9FA9-F72FD2776419}.Debug|Any CPU.ActiveCfg = Debug|Any CPU
		{4EAB2724-153C-459A-9FA9-F72FD2776419}.Debug|Any CPU.Build.0 = Debug|Any CPU
		{4EAB2724-153C-459A-9FA9-F72FD2776419}.Release|Any CPU.ActiveCfg = Release|Any CPU
		{4EAB2724-153C-459A-9FA9-F72FD2776419}.Release|Any CPU.Build.0 = Release|Any CPU
	EndGlobalSection
	GlobalSection(SolutionProperties) = preSolution
		HideSolutionNode = FALSE
	EndGlobalSection
	GlobalSection(ExtensibilityGlobals) = postSolution
		SolutionGuid = {82D0BB9B-793C-4096-8725-BC7C2909DB85}
	EndGlobalSection
EndGlobal
